{
  "name": "define-bot-bsky",
  "lockfileVersion": 3,
  "requires": true,
  "packages": {
    "": {
      "dependencies": {
        "@skyware/bot": "^0.3.11",
        "typescript": "^5.8.2"
      }
    },
    "node_modules/@atcute/bluesky": {
      "version": "1.0.14",
      "resolved": "https://registry.npmjs.org/@atcute/bluesky/-/bluesky-1.0.14.tgz",
      "integrity": "sha512-1ZBfvYsC/Tq7bqKSDzBcQRPDFguFodewow8z+MNRjS6DO9tLUWiKjm1DmR6sJfLQ2ktxU57IZPjvsvVfBdwJ6w==",
      "peerDependencies": {
        "@atcute/client": "^1.0.0 || ^2.0.0"
      }
    },
    "node_modules/@atcute/bluesky-richtext-builder": {
      "version": "1.0.2",
      "resolved": "https://registry.npmjs.org/@atcute/bluesky-richtext-builder/-/bluesky-richtext-builder-1.0.2.tgz",
      "integrity": "sha512-sa+9B5Ygb1GcWeMpav9RVBRdFLL5snZEoFFF2RkTaNr61m/cLd5lk97QJs+t9LXUEl5cfHS3jXujywFrGXZj9w==",
      "peerDependencies": {
        "@atcute/bluesky": "^1.0.0",
        "@atcute/client": "^1.0.0 || ^2.0.0"
      }
    },
    "node_modules/@atcute/car": {
      "version": "1.1.1",
      "resolved": "https://registry.npmjs.org/@atcute/car/-/car-1.1.1.tgz",
      "integrity": "sha512-j6HY//ttIFCbOioDlEowKn2WOGeNavJenZkAP+wWIhsbRlK+V4+TpnJ38IX/VYfMpQHrKweh3W94wRCYp6L5Zg==",
      "optional": true,
      "dependencies": {
        "@atcute/cbor": "^1.0.6",
        "@atcute/cid": "^1.0.2",
        "@atcute/varint": "^1.0.1"
      }
    },
    "node_modules/@atcute/cbor": {
      "version": "1.0.7",
      "resolved": "https://registry.npmjs.org/@atcute/cbor/-/cbor-1.0.7.tgz",
      "integrity": "sha512-z3chucgCqjAN36ySvUVl1VSwtGME4CDS173eaaEfiTSpRIQ6ewKpKlkzapLUNqtLU9iBx884b9c2j6kjEyn1XA==",
      "optional": true,
      "dependencies": {
        "@atcute/cid": "^1.0.3",
        "@atcute/multibase": "^1.0.0"
      }
    },
    "node_modules/@atcute/cid": {
      "version": "1.0.3",
      "resolved": "https://registry.npmjs.org/@atcute/cid/-/cid-1.0.3.tgz",
      "integrity": "sha512-BZbs+Xt0yMci0I2dLqqYsN76ua8lkMk/HQfEIKr7g2XMBlSc0XNCXfZdbAWPwiCK/NuGaPBocYMRwApd4dF2Qg==",
      "optional": true,
      "dependencies": {
        "@atcute/multibase": "^1.0.0",
        "@atcute/varint": "^1.0.1"
      }
    },
    "node_modules/@atcute/client": {
      "version": "2.0.8",
      "resolved": "https://registry.npmjs.org/@atcute/client/-/client-2.0.8.tgz",
      "integrity": "sha512-OTfiWwjB4mOTlp2InGStvoQ+PIA5lvih9cTYU8BvOhzNcCBUpt4l860MKZExHjvQ9Tt1kjq/ED9zRiUjsAgIxw=="
    },
    "node_modules/@atcute/multibase": {
      "version": "1.1.2",
      "resolved": "https://registry.npmjs.org/@atcute/multibase/-/multibase-1.1.2.tgz",
      "integrity": "sha512-KFX+c7a/u2jSNcRw0rLaUHG/XEKf1A1c8XF5soHnsb1JMCShihf/anfZ1kJ4no/IlIp9HEHV3PQRQO2sWL6ASQ==",
      "optional": true,
      "dependencies": {
        "@atcute/uint8array": "^1.0.1"
      }
    },
    "node_modules/@atcute/ozone": {
      "version": "1.0.11",
      "resolved": "https://registry.npmjs.org/@atcute/ozone/-/ozone-1.0.11.tgz",
      "integrity": "sha512-KpT5jIQdyA6xXd2E9ld348/FxzbHt5aqMs8nUCFczA3CQv5zhKt0hUsp+YWfoH+5J6jVeAiRguN5LFm5Rskkag==",
      "peerDependencies": {
        "@atcute/bluesky": "^1.0.0",
        "@atcute/client": "^1.0.0 || ^2.0.0"
      }
    },
    "node_modules/@atcute/uint8array": {
      "version": "1.0.1",
      "resolved": "https://registry.npmjs.org/@atcute/uint8array/-/uint8array-1.0.1.tgz",
      "integrity": "sha512-AAnlFKyfDRgb9GNZJbhQ6OuMhbmNPirQyapb8KnmcEhxQZ3+tt+4NcwqekEegY4MpNqSTYeeTdyxq0wGZv1JHg==",
      "optional": true
    },
    "node_modules/@atcute/varint": {
      "version": "1.0.2",
      "resolved": "https://registry.npmjs.org/@atcute/varint/-/varint-1.0.2.tgz",
      "integrity": "sha512-0O31hePzzr4O3NGWHUKKOyta6CGSL+AtN8iir8grGxu9jXyI7DBARlw6PbgKA6uTAvsXdpmRmF8MX+p0TsLnNg==",
      "optional": true
    },
    "node_modules/@skyware/bot": {
      "version": "0.3.11",
      "resolved": "https://registry.npmjs.org/@skyware/bot/-/bot-0.3.11.tgz",
      "integrity": "sha512-fG4uvD/3+ynlQPRHv6pz4kk+5fbDNJYTORbLXwmlwWAzJ7FSBkahG1NeK2M+hqIYBVqdzAI5QqcM17fwJXeZeQ==",
      "dependencies": {
        "@atcute/bluesky": "^1.0.7",
        "@atcute/bluesky-richtext-builder": "^1.0.1",
        "@atcute/client": "^2.0.3",
        "@atcute/ozone": "^1.0.5",
        "quick-lru": "^7.0.0",
        "rate-limit-threshold": "^0.1.5"
      },
      "optionalDependencies": {
        "@skyware/firehose": "^0.3.2",
        "@skyware/jetstream": "^0.1.9"
      }
    },
    "node_modules/@skyware/firehose": {
      "version": "0.3.2",
      "resolved": "https://registry.npmjs.org/@skyware/firehose/-/firehose-0.3.2.tgz",
      "integrity": "sha512-CmRaw3lFPEd9euFGV+K/n/TF/o0Rre87oJP5pswC8IExj/qQnWVoncIulAJbL3keUCm5mlt49jCiiqfQXVjigg==",
      "optional": true,
      "dependencies": {
        "@atcute/car": "^1.1.0",
        "@atcute/cbor": "^1.0.3",
        "ws": "^8.16.0"
      }
    },
    "node_modules/@skyware/jetstream": {
      "version": "0.1.9",
      "resolved": "https://registry.npmjs.org/@skyware/jetstream/-/jetstream-0.1.9.tgz",
      "integrity": "sha512-87NGqRSmEYmvEuVY0DKZ2ZRbL72tExtDuV+PDvywYqukSp3F/it+9wnU5Xb/Is/pf+KSbd6lWvrnE31HgxJpJg==",
      "optional": true,
      "dependencies": {
        "@atcute/bluesky": "^1.0.6",
        "partysocket": "^1.0.2"
      }
    },
    "node_modules/event-target-shim": {
      "version": "6.0.2",
      "resolved": "https://registry.npmjs.org/event-target-shim/-/event-target-shim-6.0.2.tgz",
      "integrity": "sha512-8q3LsZjRezbFZ2PN+uP+Q7pnHUMmAOziU2vA2OwoFaKIXxlxl38IylhSSgUorWu/rf4er67w0ikBqjBFk/pomA==",
      "optional": true,
      "engines": {
        "node": ">=10.13.0"
      },
      "funding": {
        "url": "https://github.com/sponsors/mysticatea"
      }
    },
    "node_modules/partysocket": {
      "version": "1.0.3",
      "resolved": "https://registry.npmjs.org/partysocket/-/partysocket-1.0.3.tgz",
      "integrity": "sha512-7sSojS4oCRK1Fe1h+Sa0Za5dwOf+M9VksQlynD8yqwGpLvnO4oxx9ppmOSeh6CJTMbF5gbnvUQKMK525QSBdBw==",
      "optional": true,
      "dependencies": {
        "event-target-shim": "^6.0.2"
      }
    },
    "node_modules/quick-lru": {
      "version": "7.0.0",
      "resolved": "https://registry.npmjs.org/quick-lru/-/quick-lru-7.0.0.tgz",
      "integrity": "sha512-MX8gB7cVYTrYcFfAnfLlhRd0+Toyl8yX8uBx1MrX7K0jegiz9TumwOK27ldXrgDlHRdVi+MqU9Ssw6dr4BNreg==",
      "engines": {
        "node": ">=18"
      },
      "funding": {
        "url": "https://github.com/sponsors/sindresorhus"
      }
    },
    "node_modules/rate-limit-threshold": {
      "version": "0.1.5",
      "resolved": "https://registry.npmjs.org/rate-limit-threshold/-/rate-limit-threshold-0.1.5.tgz",
      "integrity": "sha512-75vpvXC/ZqQJrFDp0dVtfoXZi8kxQP2eBuxVYFvGDfnHhcgE+ZG870u4ItQhWQh54Y6nNwOaaq5g3AL9n27lTg==",
      "engines": {
        "node": "^14.13.1 || >=16.0.0"
      }
    },
    "node_modules/typescript": {
      "version": "5.8.2",
      "resolved": "https://registry.npmjs.org/typescript/-/typescript-5.8.2.tgz",
      "integrity": "sha512-aJn6wq13/afZp/jT9QZmwEjDqqvSGp1VT5GVg+f/t6/oVyrgXM6BY1h9BRh/O5p3PlUPAe+WuiEZOmb/49RqoQ==",
      "bin": {
        "tsc": "bin/tsc",
        "tsserver": "bin/tsserver"
      },
      "engines": {
        "node": ">=14.17"
      }
    },
    "node_modules/ws": {
      "version": "8.18.1",
      "resolved": "https://registry.npmjs.org/ws/-/ws-8.18.1.tgz",
      "integrity": "sha512-RKW2aJZMXeMxVpnZ6bck+RswznaxmzdULiBr6KY7XkTnW8uvt0iT9H5DkHUChXrc+uurzwa0rVI16n/Xzjdz1w==",
      "optional": true,
      "engines": {
        "node": ">=10.0.0"
      },
      "peerDependencies": {
        "bufferutil": "^4.0.1",
        "utf-8-validate": ">=5.0.2"
      },
      "peerDependenciesMeta": {
        "bufferutil": {
          "optional": true
        },
        "utf-8-validate": {
          "optional": true
        }
      }
    }
  }
}
